
Microsoft Visual Studio Solution File, Format Version 12.00
# Visual Studio Version 16
VisualStudioVersion = 16.0.32802.440
MinimumVisualStudioVersion = 10.0.40219.1
Project("{FAE04EC0-301F-11D3-BF4B-00C04F79EFBC}") = "Login3", "Login3\Login3.csproj", "{1131EFF5-9910-4538-844F-FE92D2A09E28}"
EndProject
Global
	GlobalSection(SolutionConfigurationPlatforms) = preSolution
		Debug|Any CPU = Debug|Any CPU
		Release|Any CPU = Release|Any CPU
	EndGlobalSection
	GlobalSection(ProjectConfigurationPlatforms) = postSolution
		{1131EFF5-9910-4538-844F-FE92D2A09E28}.Debug|Any CPU.ActiveCfg = Debug|Any CPU
		{1131EFF5-9910-4538-844F-FE92D2A09E28}.Debug|Any CPU.Build.0 = Debug|Any CPU
		{1131EFF5-9910-4538-844F-FE92D2A09E28}.Release|Any CPU.ActiveCfg = Release|Any CPU
		{1131EFF5-9910-4538-844F-FE92D2A09E28}.Release|Any CPU.Build.0 = Release|Any CPU
	EndGlobalSection
	GlobalSection(SolutionProperties) = preSolution
		HideSolutionNode = FALSE
	EndGlobalSection
	GlobalSection(ExtensibilityGlobals) = postSolution
		SolutionGuid = {72AF848E-BD02-48E8-A5BB-C8F70C611AF5}
	EndGlobalSection
EndGlobal
